
Microsoft Visual Studio Solution File, Format Version 12.00
# Visual Studio Version 17
VisualStudioVersion = 17.9.34701.34
MinimumVisualStudioVersion = 10.0.40219.1
Project("{8BC9CEB8-8B4A-11D0-8D11-00A0C91BC942}") = "UserForm", "UserForm\UserForm.vcxproj", "{975FB843-0151-42DA-8E42-D4BB210CE0F7}"
EndProject
Global
	GlobalSection(SolutionConfigurationPlatforms) = preSolution
		Debug|x64 = Debug|x64
		Debug|x86 = Debug|x86
		Release|x64 = Release|x64
		Release|x86 = Release|x86
	EndGlobalSection
	GlobalSection(ProjectConfigurationPlatforms) = postSolution
		{975FB843-0151-42DA-8E42-D4BB210CE0F7}.Debug|x64.ActiveCfg = Debug|x64
		{975FB843-0151-42DA-8E42-D4BB210CE0F7}.Debug|x64.Build.0 = Debug|x64
		{975FB843-0151-42DA-8E42-D4BB210CE0F7}.Debug|x86.ActiveCfg = Debug|Win32
		{975FB843-0151-42DA-8E42-D4BB210CE0F7}.Debug|x86.Build.0 = Debug|Win32
		{975FB843-0151-42DA-8E42-D4BB210CE0F7}.Release|x64.ActiveCfg = Release|x64
		{975FB843-0151-42DA-8E42-D4BB210CE0F7}.Release|x64.Build.0 = Release|x64
		{975FB843-0151-42DA-8E42-D4BB210CE0F7}.Release|x86.ActiveCfg = Release|Win32
		{975FB843-0151-42DA-8E42-D4BB210CE0F7}.Release|x86.Build.0 = Release|Win32
	EndGlobalSection
	GlobalSection(SolutionProperties) = preSolution
		HideSolutionNode = FALSE
	EndGlobalSection
	GlobalSection(ExtensibilityGlobals) = postSolution
		SolutionGuid = {6798A9B2-1DE1-4C85-951D-B807613B5226}
	EndGlobalSection
EndGlobal
